// !$*UTF8*$!
{
	archiveVersion = 1;
	classes = {
	};
	objectVersion = 56;
	objects = {

/* Begin PBXBuildFile section */
		10181CC038B0D83D437A944B /* Pods_HelpDev.framework in Frameworks */ = {isa = PBXBuildFile; fileRef = 0AA877BB3BDAE367FE9CB173 /* Pods_HelpDev.framework */; };
		3176169A2924468F009C9C01 /* JavaViewController.swift in Sources */ = {isa = PBXBuildFile; fileRef = 317616992924468F009C9C01 /* JavaViewController.swift */; };
		31FD1052291D731A00CEDB72 /* AppDelegate.swift in Sources */ = {isa = PBXBuildFile; fileRef = 31FD1051291D731A00CEDB72 /* AppDelegate.swift */; };
		31FD1054291D731A00CEDB72 /* SceneDelegate.swift in Sources */ = {isa = PBXBuildFile; fileRef = 31FD1053291D731A00CEDB72 /* SceneDelegate.swift */; };
		31FD1059291D731A00CEDB72 /* Main.storyboard in Resources */ = {isa = PBXBuildFile; fileRef = 31FD1057291D731A00CEDB72 /* Main.storyboard */; };
		31FD105B291D731B00CEDB72 /* Assets.xcassets in Resources */ = {isa = PBXBuildFile; fileRef = 31FD105A291D731B00CEDB72 /* Assets.xcassets */; };
		31FD105E291D731B00CEDB72 /* LaunchScreen.storyboard in Resources */ = {isa = PBXBuildFile; fileRef = 31FD105C291D731B00CEDB72 /* LaunchScreen.storyboard */; };
		65AA163B2922CEB70072AD24 /* LoginViewController.swift in Sources */ = {isa = PBXBuildFile; fileRef = 65AA163A2922CEB70072AD24 /* LoginViewController.swift */; };
		ADC10CBD292BFD9F00770AAC /* SwiftViewController.swift in Sources */ = {isa = PBXBuildFile; fileRef = ADC10CBC292BFD9F00770AAC /* SwiftViewController.swift */; };
		B0D397A9292C13F600437F58 /* PythonViewController.swift in Sources */ = {isa = PBXBuildFile; fileRef = B0D397A8292C13F600437F58 /* PythonViewController.swift */; };
/* End PBXBuildFile section */

/* Begin PBXFileReference section */
		0AA877BB3BDAE367FE9CB173 /* Pods_HelpDev.framework */ = {isa = PBXFileReference; explicitFileType = wrapper.framework; includeInIndex = 0; path = Pods_HelpDev.framework; sourceTree = BUILT_PRODUCTS_DIR; };
		317616992924468F009C9C01 /* JavaViewController.swift */ = {isa = PBXFileReference; lastKnownFileType = sourcecode.swift; path = JavaViewController.swift; sourceTree = "<group>"; };
		31FD104E291D731A00CEDB72 /* HelpDev.app */ = {isa = PBXFileReference; explicitFileType = wrapper.application; includeInIndex = 0; path = HelpDev.app; sourceTree = BUILT_PRODUCTS_DIR; };
		31FD1051291D731A00CEDB72 /* AppDelegate.swift */ = {isa = PBXFileReference; lastKnownFileType = sourcecode.swift; path = AppDelegate.swift; sourceTree = "<group>"; };
		31FD1053291D731A00CEDB72 /* SceneDelegate.swift */ = {isa = PBXFileReference; lastKnownFileType = sourcecode.swift; path = SceneDelegate.swift; sourceTree = "<group>"; };
		31FD1058291D731A00CEDB72 /* Base */ = {isa = PBXFileReference; lastKnownFileType = file.storyboard; name = Base; path = Base.lproj/Main.storyboard; sourceTree = "<group>"; };
		31FD105A291D731B00CEDB72 /* Assets.xcassets */ = {isa = PBXFileReference; lastKnownFileType = folder.assetcatalog; path = Assets.xcassets; sourceTree = "<group>"; };
		31FD105D291D731B00CEDB72 /* Base */ = {isa = PBXFileReference; lastKnownFileType = file.storyboard; name = Base; path = Base.lproj/LaunchScreen.storyboard; sourceTree = "<group>"; };
		31FD105F291D731B00CEDB72 /* Info.plist */ = {isa = PBXFileReference; lastKnownFileType = text.plist.xml; path = Info.plist; sourceTree = "<group>"; };
		65AA163A2922CEB70072AD24 /* LoginViewController.swift */ = {isa = PBXFileReference; lastKnownFileType = sourcecode.swift; path = LoginViewController.swift; sourceTree = "<group>"; };
		ADC10CBC292BFD9F00770AAC /* SwiftViewController.swift */ = {isa = PBXFileReference; lastKnownFileType = sourcecode.swift; path = SwiftViewController.swift; sourceTree = "<group>"; };
		B0D397A8292C13F600437F58 /* PythonViewController.swift */ = {isa = PBXFileReference; lastKnownFileType = sourcecode.swift; path = PythonViewController.swift; sourceTree = "<group>"; };
		CA3B08AD2E40DA224AA8A874 /* Pods-HelpDev.debug.xcconfig */ = {isa = PBXFileReference; includeInIndex = 1; lastKnownFileType = text.xcconfig; name = "Pods-HelpDev.debug.xcconfig"; path = "Target Support Files/Pods-HelpDev/Pods-HelpDev.debug.xcconfig"; sourceTree = "<group>"; };
		EE77E2472A6AB67B6B598F25 /* Pods-HelpDev.release.xcconfig */ = {isa = PBXFileReference; includeInIndex = 1; lastKnownFileType = text.xcconfig; name = "Pods-HelpDev.release.xcconfig"; path = "Target Support Files/Pods-HelpDev/Pods-HelpDev.release.xcconfig"; sourceTree = "<group>"; };
/* End PBXFileReference section */

/* Begin PBXFrameworksBuildPhase section */
		31FD104B291D731A00CEDB72 /* Frameworks */ = {
			isa = PBXFrameworksBuildPhase;
			buildActionMask = 2147483647;
			files = (
				10181CC038B0D83D437A944B /* Pods_HelpDev.framework in Frameworks */,
			);
			runOnlyForDeploymentPostprocessing = 0;
		};
/* End PBXFrameworksBuildPhase section */

/* Begin PBXGroup section */
		31FD1045291D731A00CEDB72 = {
			isa = PBXGroup;
			children = (
				31FD1050291D731A00CEDB72 /* HelpDev */,
				31FD104F291D731A00CEDB72 /* Products */,
				3926203745EE9148A7C3C9F5 /* Pods */,
				A0B2815AEC7EC749F3D40912 /* Frameworks */,
			);
			sourceTree = "<group>";
		};
		31FD104F291D731A00CEDB72 /* Products */ = {
			isa = PBXGroup;
			children = (
				31FD104E291D731A00CEDB72 /* HelpDev.app */,
			);
			name = Products;
			sourceTree = "<group>";
		};
		31FD1050291D731A00CEDB72 /* HelpDev */ = {
			isa = PBXGroup;
			children = (
				31FD1051291D731A00CEDB72 /* AppDelegate.swift */,
				31FD1053291D731A00CEDB72 /* SceneDelegate.swift */,
				65AA163A2922CEB70072AD24 /* LoginViewController.swift */,
				317616992924468F009C9C01 /* JavaViewController.swift */,
				31FD1057291D731A00CEDB72 /* Main.storyboard */,
				B0D397A8292C13F600437F58 /* PythonViewController.swift */,
				31FD105A291D731B00CEDB72 /* Assets.xcassets */,
				31FD105C291D731B00CEDB72 /* LaunchScreen.storyboard */,
				31FD105F291D731B00CEDB72 /* Info.plist */,
				ADC10CBC292BFD9F00770AAC /* SwiftViewController.swift */,
			);
			path = HelpDev;
			sourceTree = "<group>";
		};
		3926203745EE9148A7C3C9F5 /* Pods */ = {
			isa = PBXGroup;
			children = (
				CA3B08AD2E40DA224AA8A874 /* Pods-HelpDev.debug.xcconfig */,
				EE77E2472A6AB67B6B598F25 /* Pods-HelpDev.release.xcconfig */,
			);
			path = Pods;
			sourceTree = "<group>";
		};
		A0B2815AEC7EC749F3D40912 /* Frameworks */ = {
			isa = PBXGroup;
			children = (
				0AA877BB3BDAE367FE9CB173 /* Pods_HelpDev.framework */,
			);
			name = Frameworks;
			sourceTree = "<group>";
		};
/* End PBXGroup section */

/* Begin PBXNativeTarget section */
		31FD104D291D731A00CEDB72 /* HelpDev */ = {
			isa = PBXNativeTarget;
			buildConfigurationList = 31FD1062291D731B00CEDB72 /* Build configuration list for PBXNativeTarget "HelpDev" */;
			buildPhases = (
				473FD9B675CB95AB67CE1E0A /* [CP] Check Pods Manifest.lock */,
				31FD104A291D731A00CEDB72 /* Sources */,
				31FD104B291D731A00CEDB72 /* Frameworks */,
				31FD104C291D731A00CEDB72 /* Resources */,
				271D64FAC826B690E3F1F44C /* [CP] Embed Pods Frameworks */,
			);
			buildRules = (
			);
			dependencies = (
			);
			name = HelpDev;
			productName = HelpDev;
			productReference = 31FD104E291D731A00CEDB72 /* HelpDev.app */;
			productType = "com.apple.product-type.application";
		};
/* End PBXNativeTarget section */

/* Begin PBXProject section */
		31FD1046291D731A00CEDB72 /* Project object */ = {
			isa = PBXProject;
			attributes = {
				BuildIndependentTargetsInParallel = 1;
				LastSwiftUpdateCheck = 1410;
				LastUpgradeCheck = 1410;
				TargetAttributes = {
					31FD104D291D731A00CEDB72 = {
						CreatedOnToolsVersion = 14.1;
					};
				};
			};
			buildConfigurationList = 31FD1049291D731A00CEDB72 /* Build configuration list for PBXProject "HelpDev" */;
			compatibilityVersion = "Xcode 14.0";
			developmentRegion = en;
			hasScannedForEncodings = 0;
			knownRegions = (
				en,
				Base,
			);
			mainGroup = 31FD1045291D731A00CEDB72;
			productRefGroup = 31FD104F291D731A00CEDB72 /* Products */;
			projectDirPath = "";
			projectRoot = "";
			targets = (
				31FD104D291D731A00CEDB72 /* HelpDev */,
			);
		};
/* End PBXProject section */

/* Begin PBXResourcesBuildPhase section */
		31FD104C291D731A00CEDB72 /* Resources */ = {
			isa = PBXResourcesBuildPhase;
			buildActionMask = 2147483647;
			files = (
				31FD105E291D731B00CEDB72 /* LaunchScreen.storyboard in Resources */,
				31FD105B291D731B00CEDB72 /* Assets.xcassets in Resources */,
				31FD1059291D731A00CEDB72 /* Main.storyboard in Resources */,
			);
			runOnlyForDeploymentPostprocessing = 0;
		};
/* End PBXResourcesBuildPhase section */

/* Begin PBXShellScriptBuildPhase section */
		271D64FAC826B690E3F1F44C /* [CP] Embed Pods Frameworks */ = {
			isa = PBXShellScriptBuildPhase;
			buildActionMask = 2147483647;
			files = (
			);
			inputFileListPaths = (
				"${PODS_ROOT}/Target Support Files/Pods-HelpDev/Pods-HelpDev-frameworks-${CONFIGURATION}-input-files.xcfilelist",
			);
			name = "[CP] Embed Pods Frameworks";
			outputFileListPaths = (
				"${PODS_ROOT}/Target Support Files/Pods-HelpDev/Pods-HelpDev-frameworks-${CONFIGURATION}-output-files.xcfilelist",
			);
			runOnlyForDeploymentPostprocessing = 0;
			shellPath = /bin/sh;
			shellScript = "\"${PODS_ROOT}/Target Support Files/Pods-HelpDev/Pods-HelpDev-frameworks.sh\"\n";
			showEnvVarsInLog = 0;
		};
		473FD9B675CB95AB67CE1E0A /* [CP] Check Pods Manifest.lock */ = {
			isa = PBXShellScriptBuildPhase;
			buildActionMask = 2147483647;
			files = (
			);
			inputFileListPaths = (
			);
			inputPaths = (
				"${PODS_PODFILE_DIR_PATH}/Podfile.lock",
				"${PODS_ROOT}/Manifest.lock",
			);
			name = "[CP] Check Pods Manifest.lock";
			outputFileListPaths = (
			);
			outputPaths = (
				"$(DERIVED_FILE_DIR)/Pods-HelpDev-checkManifestLockResult.txt",
			);
			runOnlyForDeploymentPostprocessing = 0;
			shellPath = /bin/sh;
			shellScript = "diff \"${PODS_PODFILE_DIR_PATH}/Podfile.lock\" \"${PODS_ROOT}/Manifest.lock\" > /dev/null\nif [ $? != 0 ] ; then\n    # print error to STDERR\n    echo \"error: The sandbox is not in sync with the Podfile.lock. Run 'pod install' or update your CocoaPods installation.\" >&2\n    exit 1\nfi\n# This output is used by Xcode 'outputs' to avoid re-running this script phase.\necho \"SUCCESS\" > \"${SCRIPT_OUTPUT_FILE_0}\"\n";
			showEnvVarsInLog = 0;
		};
/* End PBXShellScriptBuildPhase section */

/* Begin PBXSourcesBuildPhase section */
		31FD104A291D731A00CEDB72 /* Sources */ = {
			isa = PBXSourcesBuildPhase;
			buildActionMask = 2147483647;
			files = (
				3176169A2924468F009C9C01 /* JavaViewController.swift in Sources */,
				65AA163B2922CEB70072AD24 /* LoginViewController.swift in Sources */,
				B0D397A9292C13F600437F58 /* PythonViewController.swift in Sources */,
				31FD1052291D731A00CEDB72 /* AppDelegate.swift in Sources */,
				ADC10CBD292BFD9F00770AAC /* SwiftViewController.swift in Sources */,
				31FD1054291D731A00CEDB72 /* SceneDelegate.swift in Sources */,
			);
			runOnlyForDeploymentPostprocessing = 0;
		};
/* End PBXSourcesBuildPhase section */

/* Begin PBXVariantGroup section */
		31FD1057291D731A00CEDB72 /* Main.storyboard */ = {
			isa = PBXVariantGroup;
			children = (
				31FD1058291D731A00CEDB72 /* Base */,
			);
			name = Main.storyboard;
			sourceTree = "<group>";
		};
		31FD105C291D731B00CEDB72 /* LaunchScreen.storyboard */ = {
			isa = PBXVariantGroup;
			children = (
				31FD105D291D731B00CEDB72 /* Base */,
			);
			name = LaunchScreen.storyboard;
			sourceTree = "<group>";
		};
/* End PBXVariantGroup section */

/* Begin XCBuildConfiguration section */
		31FD1060291D731B00CEDB72 /* Debug */ = {
			isa = XCBuildConfiguration;
			buildSettings = {
				ALWAYS_SEARCH_USER_PATHS = NO;
				CLANG_ANALYZER_NONNULL = YES;
				CLANG_ANALYZER_NUMBER_OBJECT_CONVERSION = YES_AGGRESSIVE;
				CLANG_CXX_LANGUAGE_STANDARD = "gnu++20";
				CLANG_ENABLE_MODULES = YES;
				CLANG_ENABLE_OBJC_ARC = YES;
				CLANG_ENABLE_OBJC_WEAK = YES;
				CLANG_WARN_BLOCK_CAPTURE_AUTORELEASING = YES;
				CLANG_WARN_BOOL_CONVERSION = YES;
				CLANG_WARN_COMMA = YES;
				CLANG_WARN_CONSTANT_CONVERSION = YES;
				CLANG_WARN_DEPRECATED_OBJC_IMPLEMENTATIONS = YES;
				CLANG_WARN_DIRECT_OBJC_ISA_USAGE = YES_ERROR;
				CLANG_WARN_DOCUMENTATION_COMMENTS = YES;
				CLANG_WARN_EMPTY_BODY = YES;
				CLANG_WARN_ENUM_CONVERSION = YES;
				CLANG_WARN_INFINITE_RECURSION = YES;
				CLANG_WARN_INT_CONVERSION = YES;
				CLANG_WARN_NON_LITERAL_NULL_CONVERSION = YES;
				CLANG_WARN_OBJC_IMPLICIT_RETAIN_SELF = YES;
				CLANG_WARN_OBJC_LITERAL_CONVERSION = YES;
				CLANG_WARN_OBJC_ROOT_CLASS = YES_ERROR;
				CLANG_WARN_QUOTED_INCLUDE_IN_FRAMEWORK_HEADER = YES;
				CLANG_WARN_RANGE_LOOP_ANALYSIS = YES;
				CLANG_WARN_STRICT_PROTOTYPES = YES;
				CLANG_WARN_SUSPICIOUS_MOVE = YES;
				CLANG_WARN_UNGUARDED_AVAILABILITY = YES_AGGRESSIVE;
				CLANG_WARN_UNREACHABLE_CODE = YES;
				CLANG_WARN__DUPLICATE_METHOD_MATCH = YES;
				COPY_PHASE_STRIP = NO;
				DEBUG_INFORMATION_FORMAT = dwarf;
				ENABLE_STRICT_OBJC_MSGSEND = YES;
				ENABLE_TESTABILITY = YES;
				GCC_C_LANGUAGE_STANDARD = gnu11;
				GCC_DYNAMIC_NO_PIC = NO;
				GCC_NO_COMMON_BLOCKS = YES;
				GCC_OPTIMIZATION_LEVEL = 0;
				GCC_PREPROCESSOR_DEFINITIONS = (
					"DEBUG=1",
					"$(inherited)",
				);
				GCC_WARN_64_TO_32_BIT_CONVERSION = YES;
				GCC_WARN_ABOUT_RETURN_TYPE = YES_ERROR;
				GCC_WARN_UNDECLARED_SELECTOR = YES;
				GCC_WARN_UNINITIALIZED_AUTOS = YES_AGGRESSIVE;
				GCC_WARN_UNUSED_FUNCTION = YES;
				GCC_WARN_UNUSED_VARIABLE = YES;
				IPHONEOS_DEPLOYMENT_TARGET = 16.1;
				MTL_ENABLE_DEBUG_INFO = INCLUDE_SOURCE;
				MTL_FAST_MATH = YES;
				ONLY_ACTIVE_ARCH = YES;
				SDKROOT = iphoneos;
				SWIFT_ACTIVE_COMPILATION_CONDITIONS = DEBUG;
				SWIFT_OPTIMIZATION_LEVEL = "-Onone";
			};
			name = Debug;
		};
		31FD1061291D731B00CEDB72 /* Release */ = {
			isa = XCBuildConfiguration;
			buildSettings = {
				ALWAYS_SEARCH_USER_PATHS = NO;
				CLANG_ANALYZER_NONNULL = YES;
				CLANG_ANALYZER_NUMBER_OBJECT_CONVERSION = YES_AGGRESSIVE;
				CLANG_CXX_LANGUAGE_STANDARD = "gnu++20";
				CLANG_ENABLE_MODULES = YES;
				CLANG_ENABLE_OBJC_ARC = YES;
				CLANG_ENABLE_OBJC_WEAK = YES;
				CLANG_WARN_BLOCK_CAPTURE_AUTORELEASING = YES;
				CLANG_WARN_BOOL_CONVERSION = YES;
				CLANG_WARN_COMMA = YES;
				CLANG_WARN_CONSTANT_CONVERSION = YES;
				CLANG_WARN_DEPRECATED_OBJC_IMPLEMENTATIONS = YES;
				CLANG_WARN_DIRECT_OBJC_ISA_USAGE = YES_ERROR;
				CLANG_WARN_DOCUMENTATION_COMMENTS = YES;
				CLANG_WARN_EMPTY_BODY = YES;
				CLANG_WARN_ENUM_CONVERSION = YES;
				CLANG_WARN_INFINITE_RECURSION = YES;
				CLANG_WARN_INT_CONVERSION = YES;
				CLANG_WARN_NON_LITERAL_NULL_CONVERSION = YES;
				CLANG_WARN_OBJC_IMPLICIT_RETAIN_SELF = YES;
				CLANG_WARN_OBJC_LITERAL_CONVERSION = YES;
				CLANG_WARN_OBJC_ROOT_CLASS = YES_ERROR;
				CLANG_WARN_QUOTED_INCLUDE_IN_FRAMEWORK_HEADER = YES;
				CLANG_WARN_RANGE_LOOP_ANALYSIS = YES;
				CLANG_WARN_STRICT_PROTOTYPES = YES;
				CLANG_WARN_SUSPICIOUS_MOVE = YES;
				CLANG_WARN_UNGUARDED_AVAILABILITY = YES_AGGRESSIVE;
				CLANG_WARN_UNREACHABLE_CODE = YES;
				CLANG_WARN__DUPLICATE_METHOD_MATCH = YES;
				COPY_PHASE_STRIP = NO;
				DEBUG_INFORMATION_FORMAT = "dwarf-with-dsym";
				ENABLE_NS_ASSERTIONS = NO;
				ENABLE_STRICT_OBJC_MSGSEND = YES;
				GCC_C_LANGUAGE_STANDARD = gnu11;
				GCC_NO_COMMON_BLOCKS = YES;
				GCC_WARN_64_TO_32_BIT_CONVERSION = YES;
				GCC_WARN_ABOUT_RETURN_TYPE = YES_ERROR;
				GCC_WARN_UNDECLARED_SELECTOR = YES;
				GCC_WARN_UNINITIALIZED_AUTOS = YES_AGGRESSIVE;
				GCC_WARN_UNUSED_FUNCTION = YES;
				GCC_WARN_UNUSED_VARIABLE = YES;
				IPHONEOS_DEPLOYMENT_TARGET = 16.1;
				MTL_ENABLE_DEBUG_INFO = NO;
				MTL_FAST_MATH = YES;
				SDKROOT = iphoneos;
				SWIFT_COMPILATION_MODE = wholemodule;
				SWIFT_OPTIMIZATION_LEVEL = "-O";
				VALIDATE_PRODUCT = YES;
			};
			name = Release;
		};
		31FD1063291D731B00CEDB72 /* Debug */ = {
			isa = XCBuildConfiguration;
			baseConfigurationReference = CA3B08AD2E40DA224AA8A874 /* Pods-HelpDev.debug.xcconfig */;
			buildSettings = {
				ASSETCATALOG_COMPILER_APPICON_NAME = AppIcon;
				ASSETCATALOG_COMPILER_GLOBAL_ACCENT_COLOR_NAME = AccentColor;
				CODE_SIGN_STYLE = Automatic;
				CURRENT_PROJECT_VERSION = 1;
				DEVELOPMENT_TEAM = 26A86F2569;
				GENERATE_INFOPLIST_FILE = YES;
				INFOPLIST_FILE = HelpDev/Info.plist;
				INFOPLIST_KEY_CFBundleDisplayName = HelpDev;
				INFOPLIST_KEY_LSApplicationCategoryType = "public.app-category.education";
				INFOPLIST_KEY_UIApplicationSupportsIndirectInputEvents = YES;
				INFOPLIST_KEY_UILaunchStoryboardName = LaunchScreen;
				INFOPLIST_KEY_UIMainStoryboardFile = Main;
				INFOPLIST_KEY_UISupportedInterfaceOrientations_iPad = "UIInterfaceOrientationPortrait UIInterfaceOrientationPortraitUpsideDown UIInterfaceOrientationLandscapeLeft UIInterfaceOrientationLandscapeRight";
				INFOPLIST_KEY_UISupportedInterfaceOrientations_iPhone = "UIInterfaceOrientationPortrait UIInterfaceOrientationLandscapeLeft UIInterfaceOrientationLandscapeRight";
				IPHONEOS_DEPLOYMENT_TARGET = 15.0;
				LD_RUNPATH_SEARCH_PATHS = (
					"$(inherited)",
					"@executable_path/Frameworks",
				);
				MARKETING_VERSION = 1.0;
				PRODUCT_BUNDLE_IDENTIFIER = "https---github.com-JADD-MOBILE-DEVS.HelpDev";
				PRODUCT_NAME = "$(TARGET_NAME)";
				SWIFT_EMIT_LOC_STRINGS = YES;
				SWIFT_VERSION = 5.0;
				TARGETED_DEVICE_FAMILY = "1,2";
			};
			name = Debug;
		};
		31FD1064291D731B00CEDB72 /* Release */ = {
			isa = XCBuildConfiguration;
			baseConfigurationReference = EE77E2472A6AB67B6B598F25 /* Pods-HelpDev.release.xcconfig */;
			buildSettings = {
				ASSETCATALOG_COMPILER_APPICON_NAME = AppIcon;
				ASSETCATALOG_COMPILER_GLOBAL_ACCENT_COLOR_NAME = AccentColor;
				CODE_SIGN_STYLE = Automatic;
				CURRENT_PROJECT_VERSION = 1;
				DEVELOPMENT_TEAM = 26A86F2569;
				GENERATE_INFOPLIST_FILE = YES;
				INFOPLIST_FILE = HelpDev/Info.plist;
				INFOPLIST_KEY_CFBundleDisplayName = HelpDev;
				INFOPLIST_KEY_LSApplicationCategoryType = "public.app-category.education";
				INFOPLIST_KEY_UIApplicationSupportsIndirectInputEvents = YES;
				INFOPLIST_KEY_UILaunchStoryboardName = LaunchScreen;
				INFOPLIST_KEY_UIMainStoryboardFile = Main;
				INFOPLIST_KEY_UISupportedInterfaceOrientations_iPad = "UIInterfaceOrientationPortrait UIInterfaceOrientationPortraitUpsideDown UIInterfaceOrientationLandscapeLeft UIInterfaceOrientationLandscapeRight";
				INFOPLIST_KEY_UISupportedInterfaceOrientations_iPhone = "UIInterfaceOrientationPortrait UIInterfaceOrientationLandscapeLeft UIInterfaceOrientationLandscapeRight";
				IPHONEOS_DEPLOYMENT_TARGET = 15.0;
				LD_RUNPATH_SEARCH_PATHS = (
					"$(inherited)",
					"@executable_path/Frameworks",
				);
				MARKETING_VERSION = 1.0;
				PRODUCT_BUNDLE_IDENTIFIER = "https---github.com-JADD-MOBILE-DEVS.HelpDev";
				PRODUCT_NAME = "$(TARGET_NAME)";
				SWIFT_EMIT_LOC_STRINGS = YES;
				SWIFT_VERSION = 5.0;
				TARGETED_DEVICE_FAMILY = "1,2";
			};
			name = Release;
		};
/* End XCBuildConfiguration section */

/* Begin XCConfigurationList section */
		31FD1049291D731A00CEDB72 /* Build configuration list for PBXProject "HelpDev" */ = {
			isa = XCConfigurationList;
			buildConfigurations = (
				31FD1060291D731B00CEDB72 /* Debug */,
				31FD1061291D731B00CEDB72 /* Release */,
			);
			defaultConfigurationIsVisible = 0;
			defaultConfigurationName = Release;
		};
		31FD1062291D731B00CEDB72 /* Build configuration list for PBXNativeTarget "HelpDev" */ = {
			isa = XCConfigurationList;
			buildConfigurations = (
				31FD1063291D731B00CEDB72 /* Debug */,
				31FD1064291D731B00CEDB72 /* Release */,
			);
			defaultConfigurationIsVisible = 0;
			defaultConfigurationName = Release;
		};
/* End XCConfigurationList section */
	};
	rootObject = 31FD1046291D731A00CEDB72 /* Project object */;
}
